
Microsoft Visual Studio Solution File, Format Version 12.00
# Visual Studio Version 17
VisualStudioVersion = 17.12.35707.178 d17.12
MinimumVisualStudioVersion = 10.0.40219.1
Project("{FAE04EC0-301F-11D3-BF4B-00C04F79EFBC}") = "LewisCountyLiving", "LewisCountyLiving\LewisCountyLiving.csproj", "{2396BDFC-BDAD-4183-9A66-183DF79F437A}"
EndProject
Project("{54A90642-561A-4BB1-A94E-469ADEE60C69}") = "LewisCountyLivingFE", "LewisCountyLivingFE\LewisCountyLivingFE.esproj", "{3CC8A5CB-EA1C-44AB-B55A-7CB53054CE4A}"
EndProject
Global
	GlobalSection(SolutionConfigurationPlatforms) = preSolution
		Debug|Any CPU = Debug|Any CPU
		Release|Any CPU = Release|Any CPU
	EndGlobalSection
	GlobalSection(ProjectConfigurationPlatforms) = postSolution
		{2396BDFC-BDAD-4183-9A66-183DF79F437A}.Debug|Any CPU.ActiveCfg = Debug|Any CPU
		{2396BDFC-BDAD-4183-9A66-183DF79F437A}.Debug|Any CPU.Build.0 = Debug|Any CPU
		{2396BDFC-BDAD-4183-9A66-183DF79F437A}.Release|Any CPU.ActiveCfg = Release|Any CPU
		{2396BDFC-BDAD-4183-9A66-183DF79F437A}.Release|Any CPU.Build.0 = Release|Any CPU
		{3CC8A5CB-EA1C-44AB-B55A-7CB53054CE4A}.Debug|Any CPU.ActiveCfg = Debug|Any CPU
		{3CC8A5CB-EA1C-44AB-B55A-7CB53054CE4A}.Debug|Any CPU.Build.0 = Debug|Any CPU
		{3CC8A5CB-EA1C-44AB-B55A-7CB53054CE4A}.Debug|Any CPU.Deploy.0 = Debug|Any CPU
		{3CC8A5CB-EA1C-44AB-B55A-7CB53054CE4A}.Release|Any CPU.ActiveCfg = Release|Any CPU
		{3CC8A5CB-EA1C-44AB-B55A-7CB53054CE4A}.Release|Any CPU.Build.0 = Release|Any CPU
		{3CC8A5CB-EA1C-44AB-B55A-7CB53054CE4A}.Release|Any CPU.Deploy.0 = Release|Any CPU
	EndGlobalSection
	GlobalSection(SolutionProperties) = preSolution
		HideSolutionNode = FALSE
	EndGlobalSection
EndGlobal
